
Microsoft Visual Studio Solution File, Format Version 12.00
# Visual Studio 14
VisualStudioVersion = 14.0.25420.1
MinimumVisualStudioVersion = 10.0.40219.1
Project("{FAE04EC0-301F-11D3-BF4B-00C04F79EFBC}") = "Cenium.Contacts.Data", "Cenium.Contacts.Data\Cenium.Contacts.Data.csproj", "{8DA8948B-E436-4398-8B4E-AC28021B4C6E}"
EndProject
Project("{FAE04EC0-301F-11D3-BF4B-00C04F79EFBC}") = "Cenium.Contacts.Activities", "Cenium.Contacts.Activities\Cenium.Contacts.Activities.csproj", "{11FD5099-138F-4F6C-90D4-A5FF7BD9235C}"
EndProject
Project("{FAE04EC0-301F-11D3-BF4B-00C04F79EFBC}") = "Cenium.Contacts.Client.Windows", "Cenium.Contacts.Client.Windows\Cenium.Contacts.Client.Windows.csproj", "{83161D2A-791E-456C-B4BC-3365089958E1}"
EndProject
Global
	GlobalSection(SolutionConfigurationPlatforms) = preSolution
		Debug|Any CPU = Debug|Any CPU
		Release|Any CPU = Release|Any CPU
	EndGlobalSection
	GlobalSection(ProjectConfigurationPlatforms) = postSolution
		{8DA8948B-E436-4398-8B4E-AC28021B4C6E}.Debug|Any CPU.ActiveCfg = Debug|Any CPU
		{8DA8948B-E436-4398-8B4E-AC28021B4C6E}.Debug|Any CPU.Build.0 = Debug|Any CPU
		{8DA8948B-E436-4398-8B4E-AC28021B4C6E}.Release|Any CPU.ActiveCfg = Release|Any CPU
		{8DA8948B-E436-4398-8B4E-AC28021B4C6E}.Release|Any CPU.Build.0 = Release|Any CPU
		{11FD5099-138F-4F6C-90D4-A5FF7BD9235C}.Debug|Any CPU.ActiveCfg = Debug|Any CPU
		{11FD5099-138F-4F6C-90D4-A5FF7BD9235C}.Debug|Any CPU.Build.0 = Debug|Any CPU
		{11FD5099-138F-4F6C-90D4-A5FF7BD9235C}.Release|Any CPU.ActiveCfg = Release|Any CPU
		{11FD5099-138F-4F6C-90D4-A5FF7BD9235C}.Release|Any CPU.Build.0 = Release|Any CPU
		{83161D2A-791E-456C-B4BC-3365089958E1}.Debug|Any CPU.ActiveCfg = Debug|Any CPU
		{83161D2A-791E-456C-B4BC-3365089958E1}.Debug|Any CPU.Build.0 = Debug|Any CPU
		{83161D2A-791E-456C-B4BC-3365089958E1}.Release|Any CPU.ActiveCfg = Release|Any CPU
		{83161D2A-791E-456C-B4BC-3365089958E1}.Release|Any CPU.Build.0 = Release|Any CPU
	EndGlobalSection
	GlobalSection(SolutionProperties) = preSolution
		HideSolutionNode = FALSE
	EndGlobalSection
EndGlobal
